
Microsoft Visual Studio Solution File, Format Version 12.00
# Visual Studio Version 17
VisualStudioVersion = 17.5.002.0
MinimumVisualStudioVersion = 10.0.40219.1
Project("{2150E333-8FDC-42A3-9474-1A3956D46DE8}") = "src", "src", "{F392FE18-95F1-4512-A130-86532C64083A}"
EndProject
Project("{9A19103F-16F7-4668-BE54-9A1E7A4F7556}") = "project.Api", "src\project.Api\project.Api.csproj", "{A92A5420-7905-41FC-B23A-0B715C88E7AF}"
EndProject
Project("{9A19103F-16F7-4668-BE54-9A1E7A4F7556}") = "project.Core", "src\project.Core\project.Core.csproj", "{D8A4D9FC-BD30-4F8E-8921-B460EA40FA65}"
EndProject
Project("{9A19103F-16F7-4668-BE54-9A1E7A4F7556}") = "project.EF", "src\project.EF\project.EF.csproj", "{28F8863F-99F0-421E-BBA2-33F2A3EDF1B2}"
EndProject
Global
	GlobalSection(SolutionConfigurationPlatforms) = preSolution
		Debug|Any CPU = Debug|Any CPU
		Release|Any CPU = Release|Any CPU
	EndGlobalSection
	GlobalSection(ProjectConfigurationPlatforms) = postSolution
		{A92A5420-7905-41FC-B23A-0B715C88E7AF}.Debug|Any CPU.ActiveCfg = Debug|Any CPU
		{A92A5420-7905-41FC-B23A-0B715C88E7AF}.Debug|Any CPU.Build.0 = Debug|Any CPU
		{A92A5420-7905-41FC-B23A-0B715C88E7AF}.Release|Any CPU.ActiveCfg = Release|Any CPU
		{A92A5420-7905-41FC-B23A-0B715C88E7AF}.Release|Any CPU.Build.0 = Release|Any CPU
		{D8A4D9FC-BD30-4F8E-8921-B460EA40FA65}.Debug|Any CPU.ActiveCfg = Debug|Any CPU
		{D8A4D9FC-BD30-4F8E-8921-B460EA40FA65}.Debug|Any CPU.Build.0 = Debug|Any CPU
		{D8A4D9FC-BD30-4F8E-8921-B460EA40FA65}.Release|Any CPU.ActiveCfg = Release|Any CPU
		{D8A4D9FC-BD30-4F8E-8921-B460EA40FA65}.Release|Any CPU.Build.0 = Release|Any CPU
		{28F8863F-99F0-421E-BBA2-33F2A3EDF1B2}.Debug|Any CPU.ActiveCfg = Debug|Any CPU
		{28F8863F-99F0-421E-BBA2-33F2A3EDF1B2}.Debug|Any CPU.Build.0 = Debug|Any CPU
		{28F8863F-99F0-421E-BBA2-33F2A3EDF1B2}.Release|Any CPU.ActiveCfg = Release|Any CPU
		{28F8863F-99F0-421E-BBA2-33F2A3EDF1B2}.Release|Any CPU.Build.0 = Release|Any CPU
	EndGlobalSection
	GlobalSection(SolutionProperties) = preSolution
		HideSolutionNode = FALSE
	EndGlobalSection
	GlobalSection(NestedProjects) = preSolution
		{A92A5420-7905-41FC-B23A-0B715C88E7AF} = {F392FE18-95F1-4512-A130-86532C64083A}
		{D8A4D9FC-BD30-4F8E-8921-B460EA40FA65} = {F392FE18-95F1-4512-A130-86532C64083A}
		{28F8863F-99F0-421E-BBA2-33F2A3EDF1B2} = {F392FE18-95F1-4512-A130-86532C64083A}
	EndGlobalSection
	GlobalSection(ExtensibilityGlobals) = postSolution
		SolutionGuid = {A83C094C-CE7B-4789-99F0-4C8B5C10A382}
	EndGlobalSection
EndGlobal
